// !$*UTF8*$!
{
	archiveVersion = 1;
	classes = {
	};
	objectVersion = 56;
	objects = {

/* Begin PBXBuildFile section */
		6A3A5E672B3738A000C5819F /* CapsuleButton.swift in Sources */ = {isa = PBXBuildFile; fileRef = 6A3A5E662B3738A000C5819F /* CapsuleButton.swift */; };
		6A3A5E6B2B37398C00C5819F /* PaymentsPageView.swift in Sources */ = {isa = PBXBuildFile; fileRef = 6A3A5E6A2B37398C00C5819F /* PaymentsPageView.swift */; };
		6A3A5E6F2B373AEB00C5819F /* SupportPageView.swift in Sources */ = {isa = PBXBuildFile; fileRef = 6A3A5E6E2B373AEB00C5819F /* SupportPageView.swift */; };
		6A3A5E752B373B8700C5819F /* ManageCardPageView.swift in Sources */ = {isa = PBXBuildFile; fileRef = 6A3A5E742B373B8700C5819F /* ManageCardPageView.swift */; };
		6A3A5E772B37420600C5819F /* CoreBodyView.swift in Sources */ = {isa = PBXBuildFile; fileRef = 6A3A5E762B37420600C5819F /* CoreBodyView.swift */; };
		6A3A5E792B37434600C5819F /* TopBuffer.swift in Sources */ = {isa = PBXBuildFile; fileRef = 6A3A5E782B37434600C5819F /* TopBuffer.swift */; };
		6A3A5E7B2B37460D00C5819F /* HomePageView.swift in Sources */ = {isa = PBXBuildFile; fileRef = 6A3A5E7A2B37460D00C5819F /* HomePageView.swift */; };
		6AD9FE1E2B37304400046BB2 /* Banking_AppApp.swift in Sources */ = {isa = PBXBuildFile; fileRef = 6AD9FE1D2B37304400046BB2 /* Banking_AppApp.swift */; };
		6AD9FE202B37304400046BB2 /* ContentView.swift in Sources */ = {isa = PBXBuildFile; fileRef = 6AD9FE1F2B37304400046BB2 /* ContentView.swift */; };
		6AD9FE222B37304700046BB2 /* Assets.xcassets in Resources */ = {isa = PBXBuildFile; fileRef = 6AD9FE212B37304700046BB2 /* Assets.xcassets */; };
		6AD9FE252B37304700046BB2 /* Preview Assets.xcassets in Resources */ = {isa = PBXBuildFile; fileRef = 6AD9FE242B37304700046BB2 /* Preview Assets.xcassets */; };
/* End PBXBuildFile section */

/* Begin PBXFileReference section */
		6A3A5E662B3738A000C5819F /* CapsuleButton.swift */ = {isa = PBXFileReference; lastKnownFileType = sourcecode.swift; path = CapsuleButton.swift; sourceTree = "<group>"; };
		6A3A5E6A2B37398C00C5819F /* PaymentsPageView.swift */ = {isa = PBXFileReference; lastKnownFileType = sourcecode.swift; path = PaymentsPageView.swift; sourceTree = "<group>"; };
		6A3A5E6E2B373AEB00C5819F /* SupportPageView.swift */ = {isa = PBXFileReference; lastKnownFileType = sourcecode.swift; path = SupportPageView.swift; sourceTree = "<group>"; };
		6A3A5E742B373B8700C5819F /* ManageCardPageView.swift */ = {isa = PBXFileReference; lastKnownFileType = sourcecode.swift; path = ManageCardPageView.swift; sourceTree = "<group>"; };
		6A3A5E762B37420600C5819F /* CoreBodyView.swift */ = {isa = PBXFileReference; lastKnownFileType = sourcecode.swift; path = CoreBodyView.swift; sourceTree = "<group>"; };
		6A3A5E782B37434600C5819F /* TopBuffer.swift */ = {isa = PBXFileReference; lastKnownFileType = sourcecode.swift; path = TopBuffer.swift; sourceTree = "<group>"; };
		6A3A5E7A2B37460D00C5819F /* HomePageView.swift */ = {isa = PBXFileReference; lastKnownFileType = sourcecode.swift; path = HomePageView.swift; sourceTree = "<group>"; };
		6AD9FE1A2B37304400046BB2 /* Banking App.app */ = {isa = PBXFileReference; explicitFileType = wrapper.application; includeInIndex = 0; path = "Banking App.app"; sourceTree = BUILT_PRODUCTS_DIR; };
		6AD9FE1D2B37304400046BB2 /* Banking_AppApp.swift */ = {isa = PBXFileReference; lastKnownFileType = sourcecode.swift; path = Banking_AppApp.swift; sourceTree = "<group>"; };
		6AD9FE1F2B37304400046BB2 /* ContentView.swift */ = {isa = PBXFileReference; lastKnownFileType = sourcecode.swift; path = ContentView.swift; sourceTree = "<group>"; };
		6AD9FE212B37304700046BB2 /* Assets.xcassets */ = {isa = PBXFileReference; lastKnownFileType = folder.assetcatalog; path = Assets.xcassets; sourceTree = "<group>"; };
		6AD9FE242B37304700046BB2 /* Preview Assets.xcassets */ = {isa = PBXFileReference; lastKnownFileType = folder.assetcatalog; path = "Preview Assets.xcassets"; sourceTree = "<group>"; };
/* End PBXFileReference section */

/* Begin PBXFrameworksBuildPhase section */
		6AD9FE172B37304400046BB2 /* Frameworks */ = {
			isa = PBXFrameworksBuildPhase;
			buildActionMask = 2147483647;
			files = (
			);
			runOnlyForDeploymentPostprocessing = 0;
		};
/* End PBXFrameworksBuildPhase section */

/* Begin PBXGroup section */
		6A3A5E6C2B373AD300C5819F /* Support */ = {
			isa = PBXGroup;
			children = (
				6A3A5E6D2B373ADD00C5819F /* Components */,
				6A3A5E6E2B373AEB00C5819F /* SupportPageView.swift */,
			);
			path = Support;
			sourceTree = "<group>";
		};
		6A3A5E6D2B373ADD00C5819F /* Components */ = {
			isa = PBXGroup;
			children = (
			);
			path = Components;
			sourceTree = "<group>";
		};
		6A3A5E702B373AF900C5819F /* ManageCardPageView */ = {
			isa = PBXGroup;
			children = (
				6A3A5E712B373B2300C5819F /* Components */,
				6A3A5E742B373B8700C5819F /* ManageCardPageView.swift */,
			);
			path = ManageCardPageView;
			sourceTree = "<group>";
		};
		6A3A5E712B373B2300C5819F /* Components */ = {
			isa = PBXGroup;
			children = (
			);
			path = Components;
			sourceTree = "<group>";
		};
		6AD9FE112B37304400046BB2 = {
			isa = PBXGroup;
			children = (
				6AD9FE1C2B37304400046BB2 /* Banking App */,
				6AD9FE1B2B37304400046BB2 /* Products */,
			);
			sourceTree = "<group>";
		};
		6AD9FE1B2B37304400046BB2 /* Products */ = {
			isa = PBXGroup;
			children = (
				6AD9FE1A2B37304400046BB2 /* Banking App.app */,
			);
			name = Products;
			sourceTree = "<group>";
		};
		6AD9FE1C2B37304400046BB2 /* Banking App */ = {
			isa = PBXGroup;
			children = (
				6AD9FE2E2B3730BA00046BB2 /* Views */,
				6AD9FE2D2B3730B000046BB2 /* Models */,
				6AD9FE2C2B3730A400046BB2 /* Helpers */,
				6AD9FE2B2B37309800046BB2 /* Components */,
				6AD9FE1D2B37304400046BB2 /* Banking_AppApp.swift */,
				6AD9FE1F2B37304400046BB2 /* ContentView.swift */,
				6AD9FE212B37304700046BB2 /* Assets.xcassets */,
				6AD9FE232B37304700046BB2 /* Preview Content */,
			);
			path = "Banking App";
			sourceTree = "<group>";
		};
		6AD9FE232B37304700046BB2 /* Preview Content */ = {
			isa = PBXGroup;
			children = (
				6AD9FE242B37304700046BB2 /* Preview Assets.xcassets */,
			);
			path = "Preview Content";
			sourceTree = "<group>";
		};
		6AD9FE2B2B37309800046BB2 /* Components */ = {
			isa = PBXGroup;
			children = (
				6A3A5E662B3738A000C5819F /* CapsuleButton.swift */,
				6A3A5E762B37420600C5819F /* CoreBodyView.swift */,
				6A3A5E782B37434600C5819F /* TopBuffer.swift */,
			);
			path = Components;
			sourceTree = "<group>";
		};
		6AD9FE2C2B3730A400046BB2 /* Helpers */ = {
			isa = PBXGroup;
			children = (
			);
			name = Helpers;
			path = "New Group1";
			sourceTree = "<group>";
		};
		6AD9FE2D2B3730B000046BB2 /* Models */ = {
			isa = PBXGroup;
			children = (
			);
			path = Models;
			sourceTree = "<group>";
		};
		6AD9FE2E2B3730BA00046BB2 /* Views */ = {
			isa = PBXGroup;
			children = (
				6A3A5E702B373AF900C5819F /* ManageCardPageView */,
				6A3A5E6C2B373AD300C5819F /* Support */,
				6AD9FE302B3730FB00046BB2 /* Payments */,
				6AD9FE2F2B3730E000046BB2 /* Home */,
			);
			path = Views;
			sourceTree = "<group>";
		};
		6AD9FE2F2B3730E000046BB2 /* Home */ = {
			isa = PBXGroup;
			children = (
				6AD9FE312B37312200046BB2 /* Components */,
				6A3A5E7A2B37460D00C5819F /* HomePageView.swift */,
			);
			path = Home;
			sourceTree = "<group>";
		};
		6AD9FE302B3730FB00046BB2 /* Payments */ = {
			isa = PBXGroup;
			children = (
				6AD9FE322B37312B00046BB2 /* Components */,
				6A3A5E6A2B37398C00C5819F /* PaymentsPageView.swift */,
			);
			path = Payments;
			sourceTree = "<group>";
		};
		6AD9FE312B37312200046BB2 /* Components */ = {
			isa = PBXGroup;
			children = (
			);
			path = Components;
			sourceTree = "<group>";
		};
		6AD9FE322B37312B00046BB2 /* Components */ = {
			isa = PBXGroup;
			children = (
			);
			path = Components;
			sourceTree = "<group>";
		};
/* End PBXGroup section */

/* Begin PBXNativeTarget section */
		6AD9FE192B37304400046BB2 /* Banking App */ = {
			isa = PBXNativeTarget;
			buildConfigurationList = 6AD9FE282B37304700046BB2 /* Build configuration list for PBXNativeTarget "Banking App" */;
			buildPhases = (
				6AD9FE162B37304400046BB2 /* Sources */,
				6AD9FE172B37304400046BB2 /* Frameworks */,
				6AD9FE182B37304400046BB2 /* Resources */,
			);
			buildRules = (
			);
			dependencies = (
			);
			name = "Banking App";
			productName = "Banking App";
			productReference = 6AD9FE1A2B37304400046BB2 /* Banking App.app */;
			productType = "com.apple.product-type.application";
		};
/* End PBXNativeTarget section */

/* Begin PBXProject section */
		6AD9FE122B37304400046BB2 /* Project object */ = {
			isa = PBXProject;
			attributes = {
				BuildIndependentTargetsInParallel = 1;
				LastSwiftUpdateCheck = 1510;
				LastUpgradeCheck = 1510;
				TargetAttributes = {
					6AD9FE192B37304400046BB2 = {
						CreatedOnToolsVersion = 15.1;
					};
				};
			};
			buildConfigurationList = 6AD9FE152B37304400046BB2 /* Build configuration list for PBXProject "Banking App" */;
			compatibilityVersion = "Xcode 14.0";
			developmentRegion = en;
			hasScannedForEncodings = 0;
			knownRegions = (
				en,
				Base,
			);
			mainGroup = 6AD9FE112B37304400046BB2;
			productRefGroup = 6AD9FE1B2B37304400046BB2 /* Products */;
			projectDirPath = "";
			projectRoot = "";
			targets = (
				6AD9FE192B37304400046BB2 /* Banking App */,
			);
		};
/* End PBXProject section */

/* Begin PBXResourcesBuildPhase section */
		6AD9FE182B37304400046BB2 /* Resources */ = {
			isa = PBXResourcesBuildPhase;
			buildActionMask = 2147483647;
			files = (
				6AD9FE252B37304700046BB2 /* Preview Assets.xcassets in Resources */,
				6AD9FE222B37304700046BB2 /* Assets.xcassets in Resources */,
			);
			runOnlyForDeploymentPostprocessing = 0;
		};
/* End PBXResourcesBuildPhase section */

/* Begin PBXSourcesBuildPhase section */
		6AD9FE162B37304400046BB2 /* Sources */ = {
			isa = PBXSourcesBuildPhase;
			buildActionMask = 2147483647;
			files = (
				6A3A5E6B2B37398C00C5819F /* PaymentsPageView.swift in Sources */,
				6A3A5E6F2B373AEB00C5819F /* SupportPageView.swift in Sources */,
				6A3A5E752B373B8700C5819F /* ManageCardPageView.swift in Sources */,
				6AD9FE202B37304400046BB2 /* ContentView.swift in Sources */,
				6A3A5E672B3738A000C5819F /* CapsuleButton.swift in Sources */,
				6AD9FE1E2B37304400046BB2 /* Banking_AppApp.swift in Sources */,
				6A3A5E772B37420600C5819F /* CoreBodyView.swift in Sources */,
				6A3A5E7B2B37460D00C5819F /* HomePageView.swift in Sources */,
				6A3A5E792B37434600C5819F /* TopBuffer.swift in Sources */,
			);
			runOnlyForDeploymentPostprocessing = 0;
		};
/* End PBXSourcesBuildPhase section */

/* Begin XCBuildConfiguration section */
		6AD9FE262B37304700046BB2 /* Debug */ = {
			isa = XCBuildConfiguration;
			buildSettings = {
				ALWAYS_SEARCH_USER_PATHS = NO;
				ASSETCATALOG_COMPILER_GENERATE_SWIFT_ASSET_SYMBOL_EXTENSIONS = YES;
				CLANG_ANALYZER_NONNULL = YES;
				CLANG_ANALYZER_NUMBER_OBJECT_CONVERSION = YES_AGGRESSIVE;
				CLANG_CXX_LANGUAGE_STANDARD = "gnu++20";
				CLANG_ENABLE_MODULES = YES;
				CLANG_ENABLE_OBJC_ARC = YES;
				CLANG_ENABLE_OBJC_WEAK = YES;
				CLANG_WARN_BLOCK_CAPTURE_AUTORELEASING = YES;
				CLANG_WARN_BOOL_CONVERSION = YES;
				CLANG_WARN_COMMA = YES;
				CLANG_WARN_CONSTANT_CONVERSION = YES;
				CLANG_WARN_DEPRECATED_OBJC_IMPLEMENTATIONS = YES;
				CLANG_WARN_DIRECT_OBJC_ISA_USAGE = YES_ERROR;
				CLANG_WARN_DOCUMENTATION_COMMENTS = YES;
				CLANG_WARN_EMPTY_BODY = YES;
				CLANG_WARN_ENUM_CONVERSION = YES;
				CLANG_WARN_INFINITE_RECURSION = YES;
				CLANG_WARN_INT_CONVERSION = YES;
				CLANG_WARN_NON_LITERAL_NULL_CONVERSION = YES;
				CLANG_WARN_OBJC_IMPLICIT_RETAIN_SELF = YES;
				CLANG_WARN_OBJC_LITERAL_CONVERSION = YES;
				CLANG_WARN_OBJC_ROOT_CLASS = YES_ERROR;
				CLANG_WARN_QUOTED_INCLUDE_IN_FRAMEWORK_HEADER = YES;
				CLANG_WARN_RANGE_LOOP_ANALYSIS = YES;
				CLANG_WARN_STRICT_PROTOTYPES = YES;
				CLANG_WARN_SUSPICIOUS_MOVE = YES;
				CLANG_WARN_UNGUARDED_AVAILABILITY = YES_AGGRESSIVE;
				CLANG_WARN_UNREACHABLE_CODE = YES;
				CLANG_WARN__DUPLICATE_METHOD_MATCH = YES;
				COPY_PHASE_STRIP = NO;
				DEBUG_INFORMATION_FORMAT = dwarf;
				ENABLE_STRICT_OBJC_MSGSEND = YES;
				ENABLE_TESTABILITY = YES;
				ENABLE_USER_SCRIPT_SANDBOXING = YES;
				GCC_C_LANGUAGE_STANDARD = gnu17;
				GCC_DYNAMIC_NO_PIC = NO;
				GCC_NO_COMMON_BLOCKS = YES;
				GCC_OPTIMIZATION_LEVEL = 0;
				GCC_PREPROCESSOR_DEFINITIONS = (
					"DEBUG=1",
					"$(inherited)",
				);
				GCC_WARN_64_TO_32_BIT_CONVERSION = YES;
				GCC_WARN_ABOUT_RETURN_TYPE = YES_ERROR;
				GCC_WARN_UNDECLARED_SELECTOR = YES;
				GCC_WARN_UNINITIALIZED_AUTOS = YES_AGGRESSIVE;
				GCC_WARN_UNUSED_FUNCTION = YES;
				GCC_WARN_UNUSED_VARIABLE = YES;
				IPHONEOS_DEPLOYMENT_TARGET = 17.2;
				LOCALIZATION_PREFERS_STRING_CATALOGS = YES;
				MTL_ENABLE_DEBUG_INFO = INCLUDE_SOURCE;
				MTL_FAST_MATH = YES;
				ONLY_ACTIVE_ARCH = YES;
				SDKROOT = iphoneos;
				SWIFT_ACTIVE_COMPILATION_CONDITIONS = "DEBUG $(inherited)";
				SWIFT_OPTIMIZATION_LEVEL = "-Onone";
			};
			name = Debug;
		};
		6AD9FE272B37304700046BB2 /* Release */ = {
			isa = XCBuildConfiguration;
			buildSettings = {
				ALWAYS_SEARCH_USER_PATHS = NO;
				ASSETCATALOG_COMPILER_GENERATE_SWIFT_ASSET_SYMBOL_EXTENSIONS = YES;
				CLANG_ANALYZER_NONNULL = YES;
				CLANG_ANALYZER_NUMBER_OBJECT_CONVERSION = YES_AGGRESSIVE;
				CLANG_CXX_LANGUAGE_STANDARD = "gnu++20";
				CLANG_ENABLE_MODULES = YES;
				CLANG_ENABLE_OBJC_ARC = YES;
				CLANG_ENABLE_OBJC_WEAK = YES;
				CLANG_WARN_BLOCK_CAPTURE_AUTORELEASING = YES;
				CLANG_WARN_BOOL_CONVERSION = YES;
				CLANG_WARN_COMMA = YES;
				CLANG_WARN_CONSTANT_CONVERSION = YES;
				CLANG_WARN_DEPRECATED_OBJC_IMPLEMENTATIONS = YES;
				CLANG_WARN_DIRECT_OBJC_ISA_USAGE = YES_ERROR;
				CLANG_WARN_DOCUMENTATION_COMMENTS = YES;
				CLANG_WARN_EMPTY_BODY = YES;
				CLANG_WARN_ENUM_CONVERSION = YES;
				CLANG_WARN_INFINITE_RECURSION = YES;
				CLANG_WARN_INT_CONVERSION = YES;
				CLANG_WARN_NON_LITERAL_NULL_CONVERSION = YES;
				CLANG_WARN_OBJC_IMPLICIT_RETAIN_SELF = YES;
				CLANG_WARN_OBJC_LITERAL_CONVERSION = YES;
				CLANG_WARN_OBJC_ROOT_CLASS = YES_ERROR;
				CLANG_WARN_QUOTED_INCLUDE_IN_FRAMEWORK_HEADER = YES;
				CLANG_WARN_RANGE_LOOP_ANALYSIS = YES;
				CLANG_WARN_STRICT_PROTOTYPES = YES;
				CLANG_WARN_SUSPICIOUS_MOVE = YES;
				CLANG_WARN_UNGUARDED_AVAILABILITY = YES_AGGRESSIVE;
				CLANG_WARN_UNREACHABLE_CODE = YES;
				CLANG_WARN__DUPLICATE_METHOD_MATCH = YES;
				COPY_PHASE_STRIP = NO;
				DEBUG_INFORMATION_FORMAT = "dwarf-with-dsym";
				ENABLE_NS_ASSERTIONS = NO;
				ENABLE_STRICT_OBJC_MSGSEND = YES;
				ENABLE_USER_SCRIPT_SANDBOXING = YES;
				GCC_C_LANGUAGE_STANDARD = gnu17;
				GCC_NO_COMMON_BLOCKS = YES;
				GCC_WARN_64_TO_32_BIT_CONVERSION = YES;
				GCC_WARN_ABOUT_RETURN_TYPE = YES_ERROR;
				GCC_WARN_UNDECLARED_SELECTOR = YES;
				GCC_WARN_UNINITIALIZED_AUTOS = YES_AGGRESSIVE;
				GCC_WARN_UNUSED_FUNCTION = YES;
				GCC_WARN_UNUSED_VARIABLE = YES;
				IPHONEOS_DEPLOYMENT_TARGET = 17.2;
				LOCALIZATION_PREFERS_STRING_CATALOGS = YES;
				MTL_ENABLE_DEBUG_INFO = NO;
				MTL_FAST_MATH = YES;
				SDKROOT = iphoneos;
				SWIFT_COMPILATION_MODE = wholemodule;
				VALIDATE_PRODUCT = YES;
			};
			name = Release;
		};
		6AD9FE292B37304700046BB2 /* Debug */ = {
			isa = XCBuildConfiguration;
			buildSettings = {
				ASSETCATALOG_COMPILER_APPICON_NAME = AppIcon;
				ASSETCATALOG_COMPILER_GLOBAL_ACCENT_COLOR_NAME = AccentColor;
				CODE_SIGN_STYLE = Automatic;
				CURRENT_PROJECT_VERSION = 1;
				DEVELOPMENT_ASSET_PATHS = "\"Banking App/Preview Content\"";
				DEVELOPMENT_TEAM = XV87L482TS;
				ENABLE_PREVIEWS = YES;
				GENERATE_INFOPLIST_FILE = YES;
				INFOPLIST_KEY_UIApplicationSceneManifest_Generation = YES;
				INFOPLIST_KEY_UIApplicationSupportsIndirectInputEvents = YES;
				INFOPLIST_KEY_UILaunchScreen_Generation = YES;
				INFOPLIST_KEY_UISupportedInterfaceOrientations_iPad = "UIInterfaceOrientationPortrait UIInterfaceOrientationPortraitUpsideDown UIInterfaceOrientationLandscapeLeft UIInterfaceOrientationLandscapeRight";
				INFOPLIST_KEY_UISupportedInterfaceOrientations_iPhone = "UIInterfaceOrientationPortrait UIInterfaceOrientationLandscapeLeft UIInterfaceOrientationLandscapeRight";
				LD_RUNPATH_SEARCH_PATHS = (
					"$(inherited)",
					"@executable_path/Frameworks",
				);
				MARKETING_VERSION = 1.0;
				PRODUCT_BUNDLE_IDENTIFIER = "jackpadbury.Banking-App";
				PRODUCT_NAME = "$(TARGET_NAME)";
				SWIFT_EMIT_LOC_STRINGS = YES;
				SWIFT_VERSION = 5.0;
				TARGETED_DEVICE_FAMILY = "1,2";
			};
			name = Debug;
		};
		6AD9FE2A2B37304700046BB2 /* Release */ = {
			isa = XCBuildConfiguration;
			buildSettings = {
				ASSETCATALOG_COMPILER_APPICON_NAME = AppIcon;
				ASSETCATALOG_COMPILER_GLOBAL_ACCENT_COLOR_NAME = AccentColor;
				CODE_SIGN_STYLE = Automatic;
				CURRENT_PROJECT_VERSION = 1;
				DEVELOPMENT_ASSET_PATHS = "\"Banking App/Preview Content\"";
				DEVELOPMENT_TEAM = XV87L482TS;
				ENABLE_PREVIEWS = YES;
				GENERATE_INFOPLIST_FILE = YES;
				INFOPLIST_KEY_UIApplicationSceneManifest_Generation = YES;
				INFOPLIST_KEY_UIApplicationSupportsIndirectInputEvents = YES;
				INFOPLIST_KEY_UILaunchScreen_Generation = YES;
				INFOPLIST_KEY_UISupportedInterfaceOrientations_iPad = "UIInterfaceOrientationPortrait UIInterfaceOrientationPortraitUpsideDown UIInterfaceOrientationLandscapeLeft UIInterfaceOrientationLandscapeRight";
				INFOPLIST_KEY_UISupportedInterfaceOrientations_iPhone = "UIInterfaceOrientationPortrait UIInterfaceOrientationLandscapeLeft UIInterfaceOrientationLandscapeRight";
				LD_RUNPATH_SEARCH_PATHS = (
					"$(inherited)",
					"@executable_path/Frameworks",
				);
				MARKETING_VERSION = 1.0;
				PRODUCT_BUNDLE_IDENTIFIER = "jackpadbury.Banking-App";
				PRODUCT_NAME = "$(TARGET_NAME)";
				SWIFT_EMIT_LOC_STRINGS = YES;
				SWIFT_VERSION = 5.0;
				TARGETED_DEVICE_FAMILY = "1,2";
			};
			name = Release;
		};
/* End XCBuildConfiguration section */

/* Begin XCConfigurationList section */
		6AD9FE152B37304400046BB2 /* Build configuration list for PBXProject "Banking App" */ = {
			isa = XCConfigurationList;
			buildConfigurations = (
				6AD9FE262B37304700046BB2 /* Debug */,
				6AD9FE272B37304700046BB2 /* Release */,
			);
			defaultConfigurationIsVisible = 0;
			defaultConfigurationName = Release;
		};
		6AD9FE282B37304700046BB2 /* Build configuration list for PBXNativeTarget "Banking App" */ = {
			isa = XCConfigurationList;
			buildConfigurations = (
				6AD9FE292B37304700046BB2 /* Debug */,
				6AD9FE2A2B37304700046BB2 /* Release */,
			);
			defaultConfigurationIsVisible = 0;
			defaultConfigurationName = Release;
		};
/* End XCConfigurationList section */
	};
	rootObject = 6AD9FE122B37304400046BB2 /* Project object */;
}
